
Microsoft Visual Studio Solution File, Format Version 12.00
# Visual Studio Version 17
VisualStudioVersion = 17.14.36623.8
MinimumVisualStudioVersion = 10.0.40219.1
Project("{FAE04EC0-301F-11D3-BF4B-00C04F79EFBC}") = "ClassProyecto", "src\ClassProyecto\ClassProyecto.csproj", "{21A51DE3-7A5D-A01C-B347-478E4D8F7AF0}"
EndProject
Project("{FAE04EC0-301F-11D3-BF4B-00C04F79EFBC}") = "ClassController", "src\ClassController\ClassController.csproj", "{BA0B43F4-A77C-4CF6-AF53-7B7522516802}"
EndProject
Project("{FAE04EC0-301F-11D3-BF4B-00C04F79EFBC}") = "ClassModels", "src\ClassModels\ClassModels.csproj", "{7FC70F72-704C-4265-BC6F-EBD617DF1B10}"
EndProject
Project("{2150E333-8FDC-42A3-9474-1A3956D46DE8}") = "test", "test", "{02EA681E-C7D8-13C7-8484-4AC65E1B71E8}"
EndProject
Project("{FAE04EC0-301F-11D3-BF4B-00C04F79EFBC}") = "ClassControllerTest", "test\ClassControllerTest\ClassControllerTest.csproj", "{16559317-8E1E-479A-8475-C0E5E5A5D3AD}"
	ProjectSection(ProjectDependencies) = postProject
		{BA0B43F4-A77C-4CF6-AF53-7B7522516802} = {BA0B43F4-A77C-4CF6-AF53-7B7522516802}
	EndProjectSection
EndProject
Project("{FAE04EC0-301F-11D3-BF4B-00C04F79EFBC}") = "ClassWeb", "src\ClassWeb\ClassWeb.csproj", "{2AE52985-1551-4E12-9E1B-EA37A534389B}"
	ProjectSection(ProjectDependencies) = postProject
		{7FC70F72-704C-4265-BC6F-EBD617DF1B10} = {7FC70F72-704C-4265-BC6F-EBD617DF1B10}
		{BA0B43F4-A77C-4CF6-AF53-7B7522516802} = {BA0B43F4-A77C-4CF6-AF53-7B7522516802}
	EndProjectSection
EndProject
Global
	GlobalSection(SolutionConfigurationPlatforms) = preSolution
		Debug|Any CPU = Debug|Any CPU
		Release|Any CPU = Release|Any CPU
	EndGlobalSection
	GlobalSection(ProjectConfigurationPlatforms) = postSolution
		{21A51DE3-7A5D-A01C-B347-478E4D8F7AF0}.Debug|Any CPU.ActiveCfg = Debug|Any CPU
		{21A51DE3-7A5D-A01C-B347-478E4D8F7AF0}.Debug|Any CPU.Build.0 = Debug|Any CPU
		{21A51DE3-7A5D-A01C-B347-478E4D8F7AF0}.Release|Any CPU.ActiveCfg = Release|Any CPU
		{21A51DE3-7A5D-A01C-B347-478E4D8F7AF0}.Release|Any CPU.Build.0 = Release|Any CPU
		{BA0B43F4-A77C-4CF6-AF53-7B7522516802}.Debug|Any CPU.ActiveCfg = Debug|Any CPU
		{BA0B43F4-A77C-4CF6-AF53-7B7522516802}.Debug|Any CPU.Build.0 = Debug|Any CPU
		{BA0B43F4-A77C-4CF6-AF53-7B7522516802}.Release|Any CPU.ActiveCfg = Release|Any CPU
		{BA0B43F4-A77C-4CF6-AF53-7B7522516802}.Release|Any CPU.Build.0 = Release|Any CPU
		{7FC70F72-704C-4265-BC6F-EBD617DF1B10}.Debug|Any CPU.ActiveCfg = Debug|Any CPU
		{7FC70F72-704C-4265-BC6F-EBD617DF1B10}.Debug|Any CPU.Build.0 = Debug|Any CPU
		{7FC70F72-704C-4265-BC6F-EBD617DF1B10}.Release|Any CPU.ActiveCfg = Release|Any CPU
		{7FC70F72-704C-4265-BC6F-EBD617DF1B10}.Release|Any CPU.Build.0 = Release|Any CPU
		{16559317-8E1E-479A-8475-C0E5E5A5D3AD}.Debug|Any CPU.ActiveCfg = Debug|Any CPU
		{16559317-8E1E-479A-8475-C0E5E5A5D3AD}.Debug|Any CPU.Build.0 = Debug|Any CPU
		{16559317-8E1E-479A-8475-C0E5E5A5D3AD}.Release|Any CPU.ActiveCfg = Release|Any CPU
		{16559317-8E1E-479A-8475-C0E5E5A5D3AD}.Release|Any CPU.Build.0 = Release|Any CPU
		{2AE52985-1551-4E12-9E1B-EA37A534389B}.Debug|Any CPU.ActiveCfg = Debug|Any CPU
		{2AE52985-1551-4E12-9E1B-EA37A534389B}.Debug|Any CPU.Build.0 = Debug|Any CPU
		{2AE52985-1551-4E12-9E1B-EA37A534389B}.Release|Any CPU.ActiveCfg = Release|Any CPU
		{2AE52985-1551-4E12-9E1B-EA37A534389B}.Release|Any CPU.Build.0 = Release|Any CPU
	EndGlobalSection
	GlobalSection(SolutionProperties) = preSolution
		HideSolutionNode = FALSE
	EndGlobalSection
	GlobalSection(NestedProjects) = preSolution
		{16559317-8E1E-479A-8475-C0E5E5A5D3AD} = {02EA681E-C7D8-13C7-8484-4AC65E1B71E8}
	EndGlobalSection
	GlobalSection(ExtensibilityGlobals) = postSolution
		SolutionGuid = {2C2A69BE-81C8-4D85-8FC2-F8B7E4E5D9F0}
	EndGlobalSection
EndGlobal
